
Microsoft Visual Studio Solution File, Format Version 12.00
# Visual Studio Version 17
VisualStudioVersion = 17.14.36202.13
MinimumVisualStudioVersion = 10.0.40219.1
Project("{FAE04EC0-301F-11D3-BF4B-00C04F79EFBC}") = "Ivy.Core", "Ivy.Core\Ivy.Core.csproj", "{2E81E9ED-5972-47E9-A0AA-7C9E7A2E5082}"
EndProject
Project("{FAE04EC0-301F-11D3-BF4B-00C04F79EFBC}") = "Ivy.Api", "Ivy.Api\Ivy.Api.csproj", "{D96AE279-08F7-4D64-A709-9B3BDFD0BCC6}"
EndProject
Project("{FAE04EC0-301F-11D3-BF4B-00C04F79EFBC}") = "Ivy.Contracts", "Ivy.Contracts\Ivy.Contracts.csproj", "{829AD049-4472-44AD-BBE1-33FC2F35DBDA}"
EndProject
Global
	GlobalSection(SolutionConfigurationPlatforms) = preSolution
		Debug|Any CPU = Debug|Any CPU
		Release|Any CPU = Release|Any CPU
	EndGlobalSection
	GlobalSection(ProjectConfigurationPlatforms) = postSolution
		{2E81E9ED-5972-47E9-A0AA-7C9E7A2E5082}.Debug|Any CPU.ActiveCfg = Debug|Any CPU
		{2E81E9ED-5972-47E9-A0AA-7C9E7A2E5082}.Debug|Any CPU.Build.0 = Debug|Any CPU
		{2E81E9ED-5972-47E9-A0AA-7C9E7A2E5082}.Release|Any CPU.ActiveCfg = Release|Any CPU
		{2E81E9ED-5972-47E9-A0AA-7C9E7A2E5082}.Release|Any CPU.Build.0 = Release|Any CPU
		{D96AE279-08F7-4D64-A709-9B3BDFD0BCC6}.Debug|Any CPU.ActiveCfg = Debug|Any CPU
		{D96AE279-08F7-4D64-A709-9B3BDFD0BCC6}.Debug|Any CPU.Build.0 = Debug|Any CPU
		{D96AE279-08F7-4D64-A709-9B3BDFD0BCC6}.Release|Any CPU.ActiveCfg = Release|Any CPU
		{D96AE279-08F7-4D64-A709-9B3BDFD0BCC6}.Release|Any CPU.Build.0 = Release|Any CPU
		{829AD049-4472-44AD-BBE1-33FC2F35DBDA}.Debug|Any CPU.ActiveCfg = Debug|Any CPU
		{829AD049-4472-44AD-BBE1-33FC2F35DBDA}.Debug|Any CPU.Build.0 = Debug|Any CPU
		{829AD049-4472-44AD-BBE1-33FC2F35DBDA}.Release|Any CPU.ActiveCfg = Release|Any CPU
		{829AD049-4472-44AD-BBE1-33FC2F35DBDA}.Release|Any CPU.Build.0 = Release|Any CPU
	EndGlobalSection
	GlobalSection(SolutionProperties) = preSolution
		HideSolutionNode = FALSE
	EndGlobalSection
	GlobalSection(ExtensibilityGlobals) = postSolution
		SolutionGuid = {14C8060F-6803-4BC6-8A79-8043AA1095C3}
	EndGlobalSection
EndGlobal
